// !$*UTF8*$!
{
	archiveVersion = 1;
	classes = {
	};
	objectVersion = 77;
	objects = {

/* Begin PBXBuildFile section */
		230D66372E894889007C642A /* SFBAudioEngine in Frameworks */ = {isa = PBXBuildFile; productRef = 230D66362E894889007C642A /* SFBAudioEngine */; };
		2312D61A2E6090E4007F756D /* GRDB in Frameworks */ = {isa = PBXBuildFile; productRef = 2312D6192E6090E4007F756D /* GRDB */; };
		239B247D2EE59BEC009F83F1 /* WidgetKit.framework in Frameworks */ = {isa = PBXBuildFile; fileRef = 239B247C2EE59BEC009F83F1 /* WidgetKit.framework */; };
		239B247F2EE59BEC009F83F1 /* SwiftUI.framework in Frameworks */ = {isa = PBXBuildFile; fileRef = 239B247E2EE59BEC009F83F1 /* SwiftUI.framework */; };
		239B24902EE59BED009F83F1 /* PlayerWidgetExtension.appex in Embed Foundation Extensions */ = {isa = PBXBuildFile; fileRef = 239B247B2EE59BEC009F83F1 /* PlayerWidgetExtension.appex */; settings = {ATTRIBUTES = (RemoveHeadersOnCopy, ); }; };
		23AF813F2E71E15D0005527C /* Share.appex in Embed Foundation Extensions */ = {isa = PBXBuildFile; fileRef = 23AF81352E71E15D0005527C /* Share.appex */; settings = {ATTRIBUTES = (RemoveHeadersOnCopy, ); }; };
		23C312DD2E78015500342F7C /* Intents.framework in Frameworks */ = {isa = PBXBuildFile; fileRef = 23C312DC2E78015500342F7C /* Intents.framework */; };
		23C312E42E78015500342F7C /* SiriIntentsExtension.appex in Embed Foundation Extensions */ = {isa = PBXBuildFile; fileRef = 23C312DA2E78015500342F7C /* SiriIntentsExtension.appex */; settings = {ATTRIBUTES = (RemoveHeadersOnCopy, ); }; };
		23C312EC2E7806AB00342F7C /* GRDB in Frameworks */ = {isa = PBXBuildFile; productRef = 23C312EB2E7806AB00342F7C /* GRDB */; };
/* End PBXBuildFile section */

/* Begin PBXContainerItemProxy section */
		239B248E2EE59BED009F83F1 /* PBXContainerItemProxy */ = {
			isa = PBXContainerItemProxy;
			containerPortal = 2312D6042E6090E2007F756D /* Project object */;
			proxyType = 1;
			remoteGlobalIDString = 239B247A2EE59BEC009F83F1;
			remoteInfo = PlayerWidgetExtension;
		};
		23AF813D2E71E15D0005527C /* PBXContainerItemProxy */ = {
			isa = PBXContainerItemProxy;
			containerPortal = 2312D6042E6090E2007F756D /* Project object */;
			proxyType = 1;
			remoteGlobalIDString = 23AF81342E71E15D0005527C;
			remoteInfo = Share;
		};
		23C312E22E78015500342F7C /* PBXContainerItemProxy */ = {
			isa = PBXContainerItemProxy;
			containerPortal = 2312D6042E6090E2007F756D /* Project object */;
			proxyType = 1;
			remoteGlobalIDString = 23C312D92E78015500342F7C;
			remoteInfo = SiriIntentsExtension;
		};
		CC0000AACC0000AA000000AA /* PBXContainerItemProxy */ = {
			isa = PBXContainerItemProxy;
			containerPortal = 2312D6042E6090E2007F756D /* Project object */;
			proxyType = 1;
			remoteGlobalIDString = 2312D60B2E6090E2007F756D;
			remoteInfo = "Cosmos Music Player";
		};
/* End PBXContainerItemProxy section */

/* Begin PBXCopyFilesBuildPhase section */
		2350781F2E6CA04400A3B255 /* Embed Foundation Extensions */ = {
			isa = PBXCopyFilesBuildPhase;
			buildActionMask = 2147483647;
			dstPath = "";
			dstSubfolderSpec = 13;
			files = (
				23AF813F2E71E15D0005527C /* Share.appex in Embed Foundation Extensions */,
				23C312E42E78015500342F7C /* SiriIntentsExtension.appex in Embed Foundation Extensions */,
				239B24902EE59BED009F83F1 /* PlayerWidgetExtension.appex in Embed Foundation Extensions */,
			);
			name = "Embed Foundation Extensions";
			runOnlyForDeploymentPostprocessing = 0;
		};
/* End PBXCopyFilesBuildPhase section */

/* Begin PBXFileReference section */
		2312D60C2E6090E2007F756D /* Cosmos Music Player.app */ = {isa = PBXFileReference; explicitFileType = wrapper.application; includeInIndex = 0; path = "Cosmos Music Player.app"; sourceTree = BUILT_PRODUCTS_DIR; };
		239B247B2EE59BEC009F83F1 /* PlayerWidgetExtension.appex */ = {isa = PBXFileReference; explicitFileType = "wrapper.app-extension"; includeInIndex = 0; path = PlayerWidgetExtension.appex; sourceTree = BUILT_PRODUCTS_DIR; };
		239B247C2EE59BEC009F83F1 /* WidgetKit.framework */ = {isa = PBXFileReference; lastKnownFileType = wrapper.framework; name = WidgetKit.framework; path = System/Library/Frameworks/WidgetKit.framework; sourceTree = SDKROOT; };
		239B247E2EE59BEC009F83F1 /* SwiftUI.framework */ = {isa = PBXFileReference; lastKnownFileType = wrapper.framework; name = SwiftUI.framework; path = System/Library/Frameworks/SwiftUI.framework; sourceTree = SDKROOT; };
		239B249A2EE5A20E009F83F1 /* PlayerWidgetExtension.entitlements */ = {isa = PBXFileReference; lastKnownFileType = text.plist.entitlements; path = PlayerWidgetExtension.entitlements; sourceTree = "<group>"; };
		23AF81352E71E15D0005527C /* Share.appex */ = {isa = PBXFileReference; explicitFileType = "wrapper.app-extension"; includeInIndex = 0; path = Share.appex; sourceTree = BUILT_PRODUCTS_DIR; };
		23C312DA2E78015500342F7C /* SiriIntentsExtension.appex */ = {isa = PBXFileReference; explicitFileType = "wrapper.app-extension"; includeInIndex = 0; path = SiriIntentsExtension.appex; sourceTree = BUILT_PRODUCTS_DIR; };
		23C312DC2E78015500342F7C /* Intents.framework */ = {isa = PBXFileReference; lastKnownFileType = wrapper.framework; name = Intents.framework; path = System/Library/Frameworks/Intents.framework; sourceTree = SDKROOT; };
		CC00001ACC00001A0000001A /* Cosmos Music Player Tests.xctest */ = {isa = PBXFileReference; explicitFileType = wrapper.cfbundle; includeInIndex = 0; path = "Cosmos Music Player Tests.xctest"; sourceTree = BUILT_PRODUCTS_DIR; };
/* End PBXFileReference section */

/* Begin PBXFileSystemSynchronizedBuildFileExceptionSet section */
		2312D6502E6090E2007F756D /* Exceptions for "Cosmos Music Player" folder in "Cosmos Music Player" target */ = {
			isa = PBXFileSystemSynchronizedBuildFileExceptionSet;
			membershipExceptions = (
				Info.plist,
			);
			target = 2312D60B2E6090E2007F756D /* Cosmos Music Player */;
		};
		239B24A22EE5F806009F83F1 /* Exceptions for "Cosmos Music Player" folder in "PlayerWidgetExtension" target */ = {
			isa = PBXFileSystemSynchronizedBuildFileExceptionSet;
			membershipExceptions = (
				Models/WidgetData.swift,
			);
			target = 239B247A2EE59BEC009F83F1 /* PlayerWidgetExtension */;
		};
		23AF81432E71E15D0005527C /* Exceptions for "Share" folder in "Share" target */ = {
			isa = PBXFileSystemSynchronizedBuildFileExceptionSet;
			membershipExceptions = (
				Info.plist,
			);
			target = 23AF81342E71E15D0005527C /* Share */;
		};
		23C312E82E78015500342F7C /* Exceptions for "SiriIntentsExtension" folder in "SiriIntentsExtension" target */ = {
			isa = PBXFileSystemSynchronizedBuildFileExceptionSet;
			membershipExceptions = (
				Info.plist,
			);
			target = 23C312D92E78015500342F7C /* SiriIntentsExtension */;
		};
		23FE5A582EE63B460027CEE8 /* Exceptions for "PlayerWidget" folder in "PlayerWidgetExtension" target */ = {
			isa = PBXFileSystemSynchronizedBuildFileExceptionSet;
			membershipExceptions = (
				Info.plist,
			);
			target = 239B247A2EE59BEC009F83F1 /* PlayerWidgetExtension */;
		};
/* End PBXFileSystemSynchronizedBuildFileExceptionSet section */

/* Begin PBXFileSystemSynchronizedRootGroup section */
		2312D60E2E6090E2007F756D /* Cosmos Music Player */ = {
			isa = PBXFileSystemSynchronizedRootGroup;
			exceptions = (
				2312D6502E6090E2007F756D /* Exceptions for "Cosmos Music Player" folder in "Cosmos Music Player" target */,
				239B24A22EE5F806009F83F1 /* Exceptions for "Cosmos Music Player" folder in "PlayerWidgetExtension" target */,
			);
			path = "Cosmos Music Player";
			sourceTree = "<group>";
		};
		239B24802EE59BEC009F83F1 /* PlayerWidget */ = {
			isa = PBXFileSystemSynchronizedRootGroup;
			exceptions = (
				23FE5A582EE63B460027CEE8 /* Exceptions for "PlayerWidget" folder in "PlayerWidgetExtension" target */,
			);
			path = PlayerWidget;
			sourceTree = "<group>";
		};
		23AF81362E71E15D0005527C /* Share */ = {
			isa = PBXFileSystemSynchronizedRootGroup;
			exceptions = (
				23AF81432E71E15D0005527C /* Exceptions for "Share" folder in "Share" target */,
			);
			path = Share;
			sourceTree = "<group>";
		};
		23C312DE2E78015500342F7C /* SiriIntentsExtension */ = {
			isa = PBXFileSystemSynchronizedRootGroup;
			exceptions = (
				23C312E82E78015500342F7C /* Exceptions for "SiriIntentsExtension" folder in "SiriIntentsExtension" target */,
			);
			path = SiriIntentsExtension;
			sourceTree = "<group>";
		};
		CC00002ACC00002A0000002A /* Cosmos Music Player Tests */ = {
			isa = PBXFileSystemSynchronizedRootGroup;
			path = "Cosmos Music Player Tests";
			sourceTree = "<group>";
		};
/* End PBXFileSystemSynchronizedRootGroup section */

/* Begin PBXFrameworksBuildPhase section */
		2312D6092E6090E2007F756D /* Frameworks */ = {
			isa = PBXFrameworksBuildPhase;
			buildActionMask = 2147483647;
			files = (
				2312D61A2E6090E4007F756D /* GRDB in Frameworks */,
				230D66372E894889007C642A /* SFBAudioEngine in Frameworks */,
			);
			runOnlyForDeploymentPostprocessing = 0;
		};
		239B24782EE59BEC009F83F1 /* Frameworks */ = {
			isa = PBXFrameworksBuildPhase;
			buildActionMask = 2147483647;
			files = (
				239B247F2EE59BEC009F83F1 /* SwiftUI.framework in Frameworks */,
				239B247D2EE59BEC009F83F1 /* WidgetKit.framework in Frameworks */,
			);
			runOnlyForDeploymentPostprocessing = 0;
		};
		23AF81322E71E15D0005527C /* Frameworks */ = {
			isa = PBXFrameworksBuildPhase;
			buildActionMask = 2147483647;
			files = (
			);
			runOnlyForDeploymentPostprocessing = 0;
		};
		23C312D72E78015500342F7C /* Frameworks */ = {
			isa = PBXFrameworksBuildPhase;
			buildActionMask = 2147483647;
			files = (
				23C312DD2E78015500342F7C /* Intents.framework in Frameworks */,
				23C312EC2E7806AB00342F7C /* GRDB in Frameworks */,
			);
			runOnlyForDeploymentPostprocessing = 0;
		};
		CC00003ACC00003A0000003A /* Frameworks */ = {
			isa = PBXFrameworksBuildPhase;
			buildActionMask = 2147483647;
			files = (
			);
			runOnlyForDeploymentPostprocessing = 0;
		};
/* End PBXFrameworksBuildPhase section */

/* Begin PBXGroup section */
		2312D6032E6090E2007F756D = {
			isa = PBXGroup;
			children = (
				239B249A2EE5A20E009F83F1 /* PlayerWidgetExtension.entitlements */,
				2312D60E2E6090E2007F756D /* Cosmos Music Player */,
				CC00002ACC00002A0000002A /* Cosmos Music Player Tests */,
				23AF81362E71E15D0005527C /* Share */,
				23C312DE2E78015500342F7C /* SiriIntentsExtension */,
				239B24802EE59BEC009F83F1 /* PlayerWidget */,
				23C312DB2E78015500342F7C /* Frameworks */,
				2312D60D2E6090E2007F756D /* Products */,
			);
			sourceTree = "<group>";
		};
		2312D60D2E6090E2007F756D /* Products */ = {
			isa = PBXGroup;
			children = (
				2312D60C2E6090E2007F756D /* Cosmos Music Player.app */,
				23AF81352E71E15D0005527C /* Share.appex */,
				23C312DA2E78015500342F7C /* SiriIntentsExtension.appex */,
				239B247B2EE59BEC009F83F1 /* PlayerWidgetExtension.appex */,
				CC00001ACC00001A0000001A /* Cosmos Music Player Tests.xctest */,
			);
			name = Products;
			sourceTree = "<group>";
		};
		23C312DB2E78015500342F7C /* Frameworks */ = {
			isa = PBXGroup;
			children = (
				23C312DC2E78015500342F7C /* Intents.framework */,
				239B247C2EE59BEC009F83F1 /* WidgetKit.framework */,
				239B247E2EE59BEC009F83F1 /* SwiftUI.framework */,
			);
			name = Frameworks;
			sourceTree = "<group>";
		};
/* End PBXGroup section */

/* Begin PBXNativeTarget section */
		2312D60B2E6090E2007F756D /* Cosmos Music Player */ = {
			isa = PBXNativeTarget;
			buildConfigurationList = 2312D6172E6090E3007F756D /* Build configuration list for PBXNativeTarget "Cosmos Music Player" */;
			buildPhases = (
				2312D6082E6090E2007F756D /* Sources */,
				2312D6092E6090E2007F756D /* Frameworks */,
				2312D60A2E6090E2007F756D /* Resources */,
				2350781F2E6CA04400A3B255 /* Embed Foundation Extensions */,
			);
			buildRules = (
			);
			dependencies = (
				23AF813E2E71E15D0005527C /* PBXTargetDependency */,
				23C312E32E78015500342F7C /* PBXTargetDependency */,
				239B248F2EE59BED009F83F1 /* PBXTargetDependency */,
			);
			fileSystemSynchronizedGroups = (
				2312D60E2E6090E2007F756D /* Cosmos Music Player */,
			);
			name = "Cosmos Music Player";
			packageProductDependencies = (
				2312D6192E6090E4007F756D /* GRDB */,
				230D66362E894889007C642A /* SFBAudioEngine */,
			);
			productName = "Cosmos Music Player";
			productReference = 2312D60C2E6090E2007F756D /* Cosmos Music Player.app */;
			productType = "com.apple.product-type.application";
		};
		239B247A2EE59BEC009F83F1 /* PlayerWidgetExtension */ = {
			isa = PBXNativeTarget;
			buildConfigurationList = 239B24912EE59BED009F83F1 /* Build configuration list for PBXNativeTarget "PlayerWidgetExtension" */;
			buildPhases = (
				239B24772EE59BEC009F83F1 /* Sources */,
				239B24782EE59BEC009F83F1 /* Frameworks */,
				239B24792EE59BEC009F83F1 /* Resources */,
			);
			buildRules = (
			);
			dependencies = (
			);
			fileSystemSynchronizedGroups = (
				239B24802EE59BEC009F83F1 /* PlayerWidget */,
			);
			name = PlayerWidgetExtension;
			packageProductDependencies = (
			);
			productName = PlayerWidgetExtension;
			productReference = 239B247B2EE59BEC009F83F1 /* PlayerWidgetExtension.appex */;
			productType = "com.apple.product-type.app-extension";
		};
		23AF81342E71E15D0005527C /* Share */ = {
			isa = PBXNativeTarget;
			buildConfigurationList = 23AF81402E71E15D0005527C /* Build configuration list for PBXNativeTarget "Share" */;
			buildPhases = (
				23AF81312E71E15D0005527C /* Sources */,
				23AF81322E71E15D0005527C /* Frameworks */,
				23AF81332E71E15D0005527C /* Resources */,
			);
			buildRules = (
			);
			dependencies = (
			);
			fileSystemSynchronizedGroups = (
				23AF81362E71E15D0005527C /* Share */,
			);
			name = Share;
			packageProductDependencies = (
			);
			productName = Share;
			productReference = 23AF81352E71E15D0005527C /* Share.appex */;
			productType = "com.apple.product-type.app-extension";
		};
		23C312D92E78015500342F7C /* SiriIntentsExtension */ = {
			isa = PBXNativeTarget;
			buildConfigurationList = 23C312E52E78015500342F7C /* Build configuration list for PBXNativeTarget "SiriIntentsExtension" */;
			buildPhases = (
				23C312D62E78015500342F7C /* Sources */,
				23C312D72E78015500342F7C /* Frameworks */,
				23C312D82E78015500342F7C /* Resources */,
			);
			buildRules = (
			);
			dependencies = (
			);
			fileSystemSynchronizedGroups = (
				23C312DE2E78015500342F7C /* SiriIntentsExtension */,
			);
			name = SiriIntentsExtension;
			packageProductDependencies = (
				23C312EB2E7806AB00342F7C /* GRDB */,
			);
			productName = SiriIntentsExtension;
			productReference = 23C312DA2E78015500342F7C /* SiriIntentsExtension.appex */;
			productType = "com.apple.product-type.app-extension";
		};
		CC00006ACC00006A0000006A /* Cosmos Music Player Tests */ = {
			isa = PBXNativeTarget;
			buildConfigurationList = CC00009ACC00009A0000009A /* Build configuration list for PBXNativeTarget "Cosmos Music Player Tests" */;
			buildPhases = (
				CC00005ACC00005A0000005A /* Sources */,
				CC00003ACC00003A0000003A /* Frameworks */,
				CC00004ACC00004A0000004A /* Resources */,
			);
			buildRules = (
			);
			dependencies = (
				CC0000BACC0000BA000000BA /* PBXTargetDependency */,
			);
			fileSystemSynchronizedGroups = (
				CC00002ACC00002A0000002A /* Cosmos Music Player Tests */,
			);
			name = "Cosmos Music Player Tests";
			packageProductDependencies = (
			);
			productName = "Cosmos Music Player Tests";
			productReference = CC00001ACC00001A0000001A /* Cosmos Music Player Tests.xctest */;
			productType = "com.apple.product-type.bundle.unit-test";
		};
/* End PBXNativeTarget section */

/* Begin PBXProject section */
		2312D6042E6090E2007F756D /* Project object */ = {
			isa = PBXProject;
			attributes = {
				BuildIndependentTargetsInParallel = 1;
				LastSwiftUpdateCheck = 2600;
				LastUpgradeCheck = 2600;
				TargetAttributes = {
					2312D60B2E6090E2007F756D = {
						CreatedOnToolsVersion = 16.4;
					};
					239B247A2EE59BEC009F83F1 = {
						CreatedOnToolsVersion = 26.0.1;
					};
					CC00006ACC00006A0000006A = {
						CreatedOnToolsVersion = 16.4;
						TestTargetID = 2312D60B2E6090E2007F756D;
					};
					23AF81342E71E15D0005527C = {
						CreatedOnToolsVersion = 16.4;
					};
					23C312D92E78015500342F7C = {
						CreatedOnToolsVersion = 16.4;
					};
				};
			};
			buildConfigurationList = 2312D6072E6090E2007F756D /* Build configuration list for PBXProject "Cosmos Music Player" */;
			developmentRegion = en;
			hasScannedForEncodings = 0;
			knownRegions = (
				en,
				Base,
				fr,
				"zh-Hans",
			);
			mainGroup = 2312D6032E6090E2007F756D;
			minimizedProjectReferenceProxies = 1;
			packageReferences = (
				2312D6182E6090E4007F756D /* XCRemoteSwiftPackageReference "GRDB" */,
				230D66352E894889007C642A /* XCRemoteSwiftPackageReference "SFBAudioEngine" */,
			);
			preferredProjectObjectVersion = 77;
			productRefGroup = 2312D60D2E6090E2007F756D /* Products */;
			projectDirPath = "";
			projectRoot = "";
			targets = (
				2312D60B2E6090E2007F756D /* Cosmos Music Player */,
				23AF81342E71E15D0005527C /* Share */,
				23C312D92E78015500342F7C /* SiriIntentsExtension */,
				239B247A2EE59BEC009F83F1 /* PlayerWidgetExtension */,
				CC00006ACC00006A0000006A /* Cosmos Music Player Tests */,
			);
		};
/* End PBXProject section */

/* Begin PBXResourcesBuildPhase section */
		2312D60A2E6090E2007F756D /* Resources */ = {
			isa = PBXResourcesBuildPhase;
			buildActionMask = 2147483647;
			files = (
			);
			runOnlyForDeploymentPostprocessing = 0;
		};
		239B24792EE59BEC009F83F1 /* Resources */ = {
			isa = PBXResourcesBuildPhase;
			buildActionMask = 2147483647;
			files = (
			);
			runOnlyForDeploymentPostprocessing = 0;
		};
		23AF81332E71E15D0005527C /* Resources */ = {
			isa = PBXResourcesBuildPhase;
			buildActionMask = 2147483647;
			files = (
			);
			runOnlyForDeploymentPostprocessing = 0;
		};
		23C312D82E78015500342F7C /* Resources */ = {
			isa = PBXResourcesBuildPhase;
			buildActionMask = 2147483647;
			files = (
			);
			runOnlyForDeploymentPostprocessing = 0;
		};
		CC00004ACC00004A0000004A /* Resources */ = {
			isa = PBXResourcesBuildPhase;
			buildActionMask = 2147483647;
			files = (
			);
			runOnlyForDeploymentPostprocessing = 0;
		};
/* End PBXResourcesBuildPhase section */

/* Begin PBXSourcesBuildPhase section */
		2312D6082E6090E2007F756D /* Sources */ = {
			isa = PBXSourcesBuildPhase;
			buildActionMask = 2147483647;
			files = (
			);
			runOnlyForDeploymentPostprocessing = 0;
		};
		239B24772EE59BEC009F83F1 /* Sources */ = {
			isa = PBXSourcesBuildPhase;
			buildActionMask = 2147483647;
			files = (
			);
			runOnlyForDeploymentPostprocessing = 0;
		};
		23AF81312E71E15D0005527C /* Sources */ = {
			isa = PBXSourcesBuildPhase;
			buildActionMask = 2147483647;
			files = (
			);
			runOnlyForDeploymentPostprocessing = 0;
		};
		23C312D62E78015500342F7C /* Sources */ = {
			isa = PBXSourcesBuildPhase;
			buildActionMask = 2147483647;
			files = (
			);
			runOnlyForDeploymentPostprocessing = 0;
		};
		CC00005ACC00005A0000005A /* Sources */ = {
			isa = PBXSourcesBuildPhase;
			buildActionMask = 2147483647;
			files = (
			);
			runOnlyForDeploymentPostprocessing = 0;
		};
/* End PBXSourcesBuildPhase section */

/* Begin PBXTargetDependency section */
		239B248F2EE59BED009F83F1 /* PBXTargetDependency */ = {
			isa = PBXTargetDependency;
			target = 239B247A2EE59BEC009F83F1 /* PlayerWidgetExtension */;
			targetProxy = 239B248E2EE59BED009F83F1 /* PBXContainerItemProxy */;
		};
		23AF813E2E71E15D0005527C /* PBXTargetDependency */ = {
			isa = PBXTargetDependency;
			target = 23AF81342E71E15D0005527C /* Share */;
			targetProxy = 23AF813D2E71E15D0005527C /* PBXContainerItemProxy */;
		};
		23C312E32E78015500342F7C /* PBXTargetDependency */ = {
			isa = PBXTargetDependency;
			target = 23C312D92E78015500342F7C /* SiriIntentsExtension */;
			targetProxy = 23C312E22E78015500342F7C /* PBXContainerItemProxy */;
		};
		CC0000BACC0000BA000000BA /* PBXTargetDependency */ = {
			isa = PBXTargetDependency;
			target = 2312D60B2E6090E2007F756D /* Cosmos Music Player */;
			targetProxy = CC0000AACC0000AA000000AA /* PBXContainerItemProxy */;
		};
/* End PBXTargetDependency section */

/* Begin XCBuildConfiguration section */
		2312D6152E6090E3007F756D /* Debug */ = {
			isa = XCBuildConfiguration;
			buildSettings = {
				ALWAYS_SEARCH_USER_PATHS = NO;
				ASSETCATALOG_COMPILER_GENERATE_SWIFT_ASSET_SYMBOL_EXTENSIONS = YES;
				CLANG_ANALYZER_LOCALIZABILITY_NONLOCALIZED = YES;
				CLANG_ANALYZER_NONNULL = YES;
				CLANG_ANALYZER_NUMBER_OBJECT_CONVERSION = YES_AGGRESSIVE;
				CLANG_CXX_LANGUAGE_STANDARD = "gnu++20";
				CLANG_ENABLE_MODULES = YES;
				CLANG_ENABLE_OBJC_ARC = YES;
				CLANG_ENABLE_OBJC_WEAK = YES;
				CLANG_WARN_BLOCK_CAPTURE_AUTORELEASING = YES;
				CLANG_WARN_BOOL_CONVERSION = YES;
				CLANG_WARN_COMMA = YES;
				CLANG_WARN_CONSTANT_CONVERSION = YES;
				CLANG_WARN_DEPRECATED_OBJC_IMPLEMENTATIONS = YES;
				CLANG_WARN_DIRECT_OBJC_ISA_USAGE = YES_ERROR;
				CLANG_WARN_DOCUMENTATION_COMMENTS = YES;
				CLANG_WARN_EMPTY_BODY = YES;
				CLANG_WARN_ENUM_CONVERSION = YES;
				CLANG_WARN_INFINITE_RECURSION = YES;
				CLANG_WARN_INT_CONVERSION = YES;
				CLANG_WARN_NON_LITERAL_NULL_CONVERSION = YES;
				CLANG_WARN_OBJC_IMPLICIT_RETAIN_SELF = YES;
				CLANG_WARN_OBJC_LITERAL_CONVERSION = YES;
				CLANG_WARN_OBJC_ROOT_CLASS = YES_ERROR;
				CLANG_WARN_QUOTED_INCLUDE_IN_FRAMEWORK_HEADER = YES;
				CLANG_WARN_RANGE_LOOP_ANALYSIS = YES;
				CLANG_WARN_STRICT_PROTOTYPES = YES;
				CLANG_WARN_SUSPICIOUS_MOVE = YES;
				CLANG_WARN_UNGUARDED_AVAILABILITY = YES_AGGRESSIVE;
				CLANG_WARN_UNREACHABLE_CODE = YES;
				CLANG_WARN__DUPLICATE_METHOD_MATCH = YES;
				COPY_PHASE_STRIP = NO;
				DEBUG_INFORMATION_FORMAT = dwarf;
				DEVELOPMENT_TEAM = PC237X7NGJ;
				ENABLE_STRICT_OBJC_MSGSEND = YES;
				ENABLE_TESTABILITY = YES;
				ENABLE_USER_SCRIPT_SANDBOXING = YES;
				GCC_C_LANGUAGE_STANDARD = gnu17;
				GCC_DYNAMIC_NO_PIC = NO;
				GCC_NO_COMMON_BLOCKS = YES;
				GCC_OPTIMIZATION_LEVEL = 0;
				GCC_PREPROCESSOR_DEFINITIONS = (
					"DEBUG=1",
					"$(inherited)",
				);
				GCC_WARN_64_TO_32_BIT_CONVERSION = YES;
				GCC_WARN_ABOUT_RETURN_TYPE = YES_ERROR;
				GCC_WARN_UNDECLARED_SELECTOR = YES;
				GCC_WARN_UNINITIALIZED_AUTOS = YES_AGGRESSIVE;
				GCC_WARN_UNUSED_FUNCTION = YES;
				GCC_WARN_UNUSED_VARIABLE = YES;
				IPHONEOS_DEPLOYMENT_TARGET = 18.5;
				LOCALIZATION_PREFERS_STRING_CATALOGS = YES;
				MTL_ENABLE_DEBUG_INFO = INCLUDE_SOURCE;
				MTL_FAST_MATH = YES;
				ONLY_ACTIVE_ARCH = YES;
				SDKROOT = iphoneos;
				STRING_CATALOG_GENERATE_SYMBOLS = YES;
				SWIFT_ACTIVE_COMPILATION_CONDITIONS = "DEBUG $(inherited)";
				SWIFT_OPTIMIZATION_LEVEL = "-Onone";
			};
			name = Debug;
		};
		2312D6162E6090E3007F756D /* Release */ = {
			isa = XCBuildConfiguration;
			buildSettings = {
				ALWAYS_SEARCH_USER_PATHS = NO;
				ASSETCATALOG_COMPILER_GENERATE_SWIFT_ASSET_SYMBOL_EXTENSIONS = YES;
				CLANG_ANALYZER_LOCALIZABILITY_NONLOCALIZED = YES;
				CLANG_ANALYZER_NONNULL = YES;
				CLANG_ANALYZER_NUMBER_OBJECT_CONVERSION = YES_AGGRESSIVE;
				CLANG_CXX_LANGUAGE_STANDARD = "gnu++20";
				CLANG_ENABLE_MODULES = YES;
				CLANG_ENABLE_OBJC_ARC = YES;
				CLANG_ENABLE_OBJC_WEAK = YES;
				CLANG_WARN_BLOCK_CAPTURE_AUTORELEASING = YES;
				CLANG_WARN_BOOL_CONVERSION = YES;
				CLANG_WARN_COMMA = YES;
				CLANG_WARN_CONSTANT_CONVERSION = YES;
				CLANG_WARN_DEPRECATED_OBJC_IMPLEMENTATIONS = YES;
				CLANG_WARN_DIRECT_OBJC_ISA_USAGE = YES_ERROR;
				CLANG_WARN_DOCUMENTATION_COMMENTS = YES;
				CLANG_WARN_EMPTY_BODY = YES;
				CLANG_WARN_ENUM_CONVERSION = YES;
				CLANG_WARN_INFINITE_RECURSION = YES;
				CLANG_WARN_INT_CONVERSION = YES;
				CLANG_WARN_NON_LITERAL_NULL_CONVERSION = YES;
				CLANG_WARN_OBJC_IMPLICIT_RETAIN_SELF = YES;
				CLANG_WARN_OBJC_LITERAL_CONVERSION = YES;
				CLANG_WARN_OBJC_ROOT_CLASS = YES_ERROR;
				CLANG_WARN_QUOTED_INCLUDE_IN_FRAMEWORK_HEADER = YES;
				CLANG_WARN_RANGE_LOOP_ANALYSIS = YES;
				CLANG_WARN_STRICT_PROTOTYPES = YES;
				CLANG_WARN_SUSPICIOUS_MOVE = YES;
				CLANG_WARN_UNGUARDED_AVAILABILITY = YES_AGGRESSIVE;
				CLANG_WARN_UNREACHABLE_CODE = YES;
				CLANG_WARN__DUPLICATE_METHOD_MATCH = YES;
				COPY_PHASE_STRIP = NO;
				DEBUG_INFORMATION_FORMAT = "dwarf-with-dsym";
				DEVELOPMENT_TEAM = PC237X7NGJ;
				ENABLE_NS_ASSERTIONS = NO;
				ENABLE_STRICT_OBJC_MSGSEND = YES;
				ENABLE_USER_SCRIPT_SANDBOXING = YES;
				GCC_C_LANGUAGE_STANDARD = gnu17;
				GCC_NO_COMMON_BLOCKS = YES;
				GCC_WARN_64_TO_32_BIT_CONVERSION = YES;
				GCC_WARN_ABOUT_RETURN_TYPE = YES_ERROR;
				GCC_WARN_UNDECLARED_SELECTOR = YES;
				GCC_WARN_UNINITIALIZED_AUTOS = YES_AGGRESSIVE;
				GCC_WARN_UNUSED_FUNCTION = YES;
				GCC_WARN_UNUSED_VARIABLE = YES;
				IPHONEOS_DEPLOYMENT_TARGET = 18.5;
				LOCALIZATION_PREFERS_STRING_CATALOGS = YES;
				MTL_ENABLE_DEBUG_INFO = NO;
				MTL_FAST_MATH = YES;
				SDKROOT = iphoneos;
				STRING_CATALOG_GENERATE_SYMBOLS = YES;
				SWIFT_COMPILATION_MODE = wholemodule;
				VALIDATE_PRODUCT = YES;
			};
			name = Release;
		};
		2312D6182E6090E3007F756D /* Debug */ = {
			isa = XCBuildConfiguration;
			buildSettings = {
				ASSETCATALOG_COMPILER_APPICON_NAME = AppIcon;
				ASSETCATALOG_COMPILER_GLOBAL_ACCENT_COLOR_NAME = AccentColor;
				CODE_SIGN_ENTITLEMENTS = "Cosmos Music Player/Cosmos Music Player.entitlements";
				CODE_SIGN_STYLE = Automatic;
				CURRENT_PROJECT_VERSION = 55;
				DEVELOPMENT_TEAM = PC237X7NGJ;
				ENABLE_PREVIEWS = YES;
				GENERATE_INFOPLIST_FILE = NO;
				INFOPLIST_FILE = "Cosmos Music Player/Info.plist";
				INFOPLIST_KEY_CFBundleDisplayName = Cosmos;
				LD_RUNPATH_SEARCH_PATHS = (
					"$(inherited)",
					"@executable_path/Frameworks",
				);
				MARKETING_VERSION = 1.2.2;
				PRODUCT_BUNDLE_IDENTIFIER = "dev.clq.Cosmos-Music-Player";
				PRODUCT_NAME = "$(TARGET_NAME)";
				SUPPORTED_PLATFORMS = "iphoneos iphonesimulator";
				SUPPORTS_MACCATALYST = NO;
				SUPPORTS_MAC_DESIGNED_FOR_IPHONE_IPAD = NO;
				SUPPORTS_XR_DESIGNED_FOR_IPHONE_IPAD = NO;
				SWIFT_EMIT_LOC_STRINGS = YES;
				SWIFT_OBJC_BRIDGING_HEADER = "Cosmos Music Player/Cosmos-Music-Player-Bridging-Header.h";
				SWIFT_VERSION = 6.0;
				TARGETED_DEVICE_FAMILY = "1,2";
			};
			name = Debug;
		};
		2312D6192E6090E3007F756D /* Release */ = {
			isa = XCBuildConfiguration;
			buildSettings = {
				ASSETCATALOG_COMPILER_APPICON_NAME = AppIcon;
				ASSETCATALOG_COMPILER_GLOBAL_ACCENT_COLOR_NAME = AccentColor;
				CODE_SIGN_ENTITLEMENTS = "Cosmos Music Player/Cosmos Music Player.entitlements";
				CODE_SIGN_STYLE = Automatic;
				CURRENT_PROJECT_VERSION = 55;
				DEVELOPMENT_TEAM = PC237X7NGJ;
				ENABLE_PREVIEWS = YES;
				GENERATE_INFOPLIST_FILE = NO;
				INFOPLIST_FILE = "Cosmos Music Player/Info.plist";
				INFOPLIST_KEY_CFBundleDisplayName = Cosmos;
				LD_RUNPATH_SEARCH_PATHS = (
					"$(inherited)",
					"@executable_path/Frameworks",
				);
				MARKETING_VERSION = 1.2.2;
				PRODUCT_BUNDLE_IDENTIFIER = "dev.clq.Cosmos-Music-Player";
				PRODUCT_NAME = "$(TARGET_NAME)";
				SUPPORTED_PLATFORMS = "iphoneos iphonesimulator";
				SUPPORTS_MACCATALYST = NO;
				SUPPORTS_MAC_DESIGNED_FOR_IPHONE_IPAD = NO;
				SUPPORTS_XR_DESIGNED_FOR_IPHONE_IPAD = NO;
				SWIFT_EMIT_LOC_STRINGS = YES;
				SWIFT_OBJC_BRIDGING_HEADER = "Cosmos Music Player/Cosmos-Music-Player-Bridging-Header.h";
				SWIFT_VERSION = 6.0;
				TARGETED_DEVICE_FAMILY = "1,2";
			};
			name = Release;
		};
		239B24922EE59BED009F83F1 /* Debug */ = {
			isa = XCBuildConfiguration;
			buildSettings = {
				ASSETCATALOG_COMPILER_GLOBAL_ACCENT_COLOR_NAME = AccentColor;
				ASSETCATALOG_COMPILER_WIDGET_BACKGROUND_COLOR_NAME = WidgetBackground;
				CODE_SIGN_ENTITLEMENTS = PlayerWidgetExtension.entitlements;
				CODE_SIGN_STYLE = Automatic;
				CURRENT_PROJECT_VERSION = 55;
				DEVELOPMENT_TEAM = PC237X7NGJ;
				GENERATE_INFOPLIST_FILE = YES;
				INFOPLIST_FILE = PlayerWidget/Info.plist;
				INFOPLIST_KEY_CFBundleDisplayName = PlayerWidget;
				INFOPLIST_KEY_NSHumanReadableCopyright = "";
				IPHONEOS_DEPLOYMENT_TARGET = 18.5;
				LD_RUNPATH_SEARCH_PATHS = (
					"$(inherited)",
					"@executable_path/Frameworks",
					"@executable_path/../../Frameworks",
				);
				MARKETING_VERSION = 1.2.2;
				PRODUCT_BUNDLE_IDENTIFIER = "dev.clq.Cosmos-Music-Player.PlayerWidget";
				PRODUCT_NAME = "$(TARGET_NAME)";
				SKIP_INSTALL = YES;
				STRING_CATALOG_GENERATE_SYMBOLS = YES;
				SWIFT_APPROACHABLE_CONCURRENCY = YES;
				SWIFT_EMIT_LOC_STRINGS = YES;
				SWIFT_UPCOMING_FEATURE_MEMBER_IMPORT_VISIBILITY = YES;
				SWIFT_VERSION = 5.0;
				TARGETED_DEVICE_FAMILY = "1,2";
			};
			name = Debug;
		};
		239B24932EE59BED009F83F1 /* Release */ = {
			isa = XCBuildConfiguration;
			buildSettings = {
				ASSETCATALOG_COMPILER_GLOBAL_ACCENT_COLOR_NAME = AccentColor;
				ASSETCATALOG_COMPILER_WIDGET_BACKGROUND_COLOR_NAME = WidgetBackground;
				CODE_SIGN_ENTITLEMENTS = PlayerWidgetExtension.entitlements;
				CODE_SIGN_STYLE = Automatic;
				CURRENT_PROJECT_VERSION = 55;
				DEVELOPMENT_TEAM = PC237X7NGJ;
				GENERATE_INFOPLIST_FILE = YES;
				INFOPLIST_FILE = PlayerWidget/Info.plist;
				INFOPLIST_KEY_CFBundleDisplayName = PlayerWidget;
				INFOPLIST_KEY_NSHumanReadableCopyright = "";
				IPHONEOS_DEPLOYMENT_TARGET = 18.5;
				LD_RUNPATH_SEARCH_PATHS = (
					"$(inherited)",
					"@executable_path/Frameworks",
					"@executable_path/../../Frameworks",
				);
				MARKETING_VERSION = 1.2.2;
				PRODUCT_BUNDLE_IDENTIFIER = "dev.clq.Cosmos-Music-Player.PlayerWidget";
				PRODUCT_NAME = "$(TARGET_NAME)";
				SKIP_INSTALL = YES;
				STRING_CATALOG_GENERATE_SYMBOLS = YES;
				SWIFT_APPROACHABLE_CONCURRENCY = YES;
				SWIFT_EMIT_LOC_STRINGS = YES;
				SWIFT_UPCOMING_FEATURE_MEMBER_IMPORT_VISIBILITY = YES;
				SWIFT_VERSION = 5.0;
				TARGETED_DEVICE_FAMILY = "1,2";
			};
			name = Release;
		};
		23AF81412E71E15D0005527C /* Debug */ = {
			isa = XCBuildConfiguration;
			buildSettings = {
				CODE_SIGN_ENTITLEMENTS = Share/Share.entitlements;
				CODE_SIGN_STYLE = Automatic;
				CURRENT_PROJECT_VERSION = 55;
				DEVELOPMENT_TEAM = PC237X7NGJ;
				GENERATE_INFOPLIST_FILE = YES;
				INFOPLIST_FILE = Share/Info.plist;
				INFOPLIST_KEY_CFBundleDisplayName = Share;
				INFOPLIST_KEY_NSHumanReadableCopyright = "";
				LD_RUNPATH_SEARCH_PATHS = (
					"$(inherited)",
					"@executable_path/Frameworks",
					"@executable_path/../../Frameworks",
				);
				MARKETING_VERSION = 1.2.2;
				PRODUCT_BUNDLE_IDENTIFIER = "dev.clq.Cosmos-Music-Player.Share";
				PRODUCT_NAME = "$(TARGET_NAME)";
				SKIP_INSTALL = YES;
				SWIFT_EMIT_LOC_STRINGS = YES;
				SWIFT_VERSION = 5.0;
				TARGETED_DEVICE_FAMILY = "1,2";
			};
			name = Debug;
		};
		23AF81422E71E15D0005527C /* Release */ = {
			isa = XCBuildConfiguration;
			buildSettings = {
				CODE_SIGN_ENTITLEMENTS = Share/Share.entitlements;
				CODE_SIGN_STYLE = Automatic;
				CURRENT_PROJECT_VERSION = 55;
				DEVELOPMENT_TEAM = PC237X7NGJ;
				GENERATE_INFOPLIST_FILE = YES;
				INFOPLIST_FILE = Share/Info.plist;
				INFOPLIST_KEY_CFBundleDisplayName = Share;
				INFOPLIST_KEY_NSHumanReadableCopyright = "";
				LD_RUNPATH_SEARCH_PATHS = (
					"$(inherited)",
					"@executable_path/Frameworks",
					"@executable_path/../../Frameworks",
				);
				MARKETING_VERSION = 1.2.2;
				PRODUCT_BUNDLE_IDENTIFIER = "dev.clq.Cosmos-Music-Player.Share";
				PRODUCT_NAME = "$(TARGET_NAME)";
				SKIP_INSTALL = YES;
				SWIFT_EMIT_LOC_STRINGS = YES;
				SWIFT_VERSION = 5.0;
				TARGETED_DEVICE_FAMILY = "1,2";
			};
			name = Release;
		};
		23C312E62E78015500342F7C /* Debug */ = {
			isa = XCBuildConfiguration;
			buildSettings = {
				CODE_SIGN_ENTITLEMENTS = SiriIntentsExtension/SiriIntentsExtension.entitlements;
				CODE_SIGN_STYLE = Automatic;
				CURRENT_PROJECT_VERSION = 55;
				DEVELOPMENT_TEAM = PC237X7NGJ;
				GENERATE_INFOPLIST_FILE = YES;
				INFOPLIST_FILE = SiriIntentsExtension/Info.plist;
				INFOPLIST_KEY_CFBundleDisplayName = SiriIntentsExtension;
				INFOPLIST_KEY_NSHumanReadableCopyright = "";
				LD_RUNPATH_SEARCH_PATHS = (
					"$(inherited)",
					"@executable_path/Frameworks",
					"@executable_path/../../Frameworks",
				);
				MARKETING_VERSION = 1.2.2;
				PRODUCT_BUNDLE_IDENTIFIER = "dev.clq.Cosmos-Music-Player.SiriIntentsExtension";
				PRODUCT_NAME = "$(TARGET_NAME)";
				SKIP_INSTALL = YES;
				SWIFT_EMIT_LOC_STRINGS = YES;
				SWIFT_VERSION = 5.0;
				TARGETED_DEVICE_FAMILY = "1,2";
			};
			name = Debug;
		};
		23C312E72E78015500342F7C /* Release */ = {
			isa = XCBuildConfiguration;
			buildSettings = {
				CODE_SIGN_ENTITLEMENTS = SiriIntentsExtension/SiriIntentsExtension.entitlements;
				CODE_SIGN_STYLE = Automatic;
				CURRENT_PROJECT_VERSION = 55;
				DEVELOPMENT_TEAM = PC237X7NGJ;
				GENERATE_INFOPLIST_FILE = YES;
				INFOPLIST_FILE = SiriIntentsExtension/Info.plist;
				INFOPLIST_KEY_CFBundleDisplayName = SiriIntentsExtension;
				INFOPLIST_KEY_NSHumanReadableCopyright = "";
				LD_RUNPATH_SEARCH_PATHS = (
					"$(inherited)",
					"@executable_path/Frameworks",
					"@executable_path/../../Frameworks",
				);
				MARKETING_VERSION = 1.2.2;
				PRODUCT_BUNDLE_IDENTIFIER = "dev.clq.Cosmos-Music-Player.SiriIntentsExtension";
				PRODUCT_NAME = "$(TARGET_NAME)";
				SKIP_INSTALL = YES;
				SWIFT_EMIT_LOC_STRINGS = YES;
				SWIFT_VERSION = 5.0;
				TARGETED_DEVICE_FAMILY = "1,2";
			};
			name = Release;
		};
		CC00007ACC00007A0000007A /* Debug */ = {
			isa = XCBuildConfiguration;
			buildSettings = {
				BUNDLE_LOADER = "$(TEST_HOST)";
				CODE_SIGN_STYLE = Automatic;
				CURRENT_PROJECT_VERSION = 1;
				DEVELOPMENT_TEAM = PC237X7NGJ;
				GENERATE_INFOPLIST_FILE = YES;
				IPHONEOS_DEPLOYMENT_TARGET = 18.5;
				MARKETING_VERSION = 1.0;
				PRODUCT_BUNDLE_IDENTIFIER = "dev.clq.Cosmos-Music-Player.Tests";
				PRODUCT_NAME = "$(TARGET_NAME)";
				SKIP_INSTALL = YES;
				SUPPORTED_PLATFORMS = "iphoneos iphonesimulator";
				SUPPORTS_MACCATALYST = NO;
				SWIFT_EMIT_LOC_STRINGS = NO;
				SWIFT_VERSION = 6.0;
				TARGETED_DEVICE_FAMILY = "1,2";
				TEST_HOST = "$(BUILT_PRODUCTS_DIR)/Cosmos Music Player.app/$(BUNDLE_EXECUTABLE_FOLDER_PATH)/Cosmos Music Player";
			};
			name = Debug;
		};
		CC00008ACC00008A0000008A /* Release */ = {
			isa = XCBuildConfiguration;
			buildSettings = {
				BUNDLE_LOADER = "$(TEST_HOST)";
				CODE_SIGN_STYLE = Automatic;
				CURRENT_PROJECT_VERSION = 1;
				DEVELOPMENT_TEAM = PC237X7NGJ;
				GENERATE_INFOPLIST_FILE = YES;
				IPHONEOS_DEPLOYMENT_TARGET = 18.5;
				MARKETING_VERSION = 1.0;
				PRODUCT_BUNDLE_IDENTIFIER = "dev.clq.Cosmos-Music-Player.Tests";
				PRODUCT_NAME = "$(TARGET_NAME)";
				SKIP_INSTALL = YES;
				SUPPORTED_PLATFORMS = "iphoneos iphonesimulator";
				SUPPORTS_MACCATALYST = NO;
				SWIFT_EMIT_LOC_STRINGS = NO;
				SWIFT_VERSION = 6.0;
				TARGETED_DEVICE_FAMILY = "1,2";
				TEST_HOST = "$(BUILT_PRODUCTS_DIR)/Cosmos Music Player.app/$(BUNDLE_EXECUTABLE_FOLDER_PATH)/Cosmos Music Player";
			};
			name = Release;
		};
/* End XCBuildConfiguration section */

/* Begin XCConfigurationList section */
		2312D6072E6090E2007F756D /* Build configuration list for PBXProject "Cosmos Music Player" */ = {
			isa = XCConfigurationList;
			buildConfigurations = (
				2312D6152E6090E3007F756D /* Debug */,
				2312D6162E6090E3007F756D /* Release */,
			);
			defaultConfigurationIsVisible = 0;
			defaultConfigurationName = Release;
		};
		2312D6172E6090E3007F756D /* Build configuration list for PBXNativeTarget "Cosmos Music Player" */ = {
			isa = XCConfigurationList;
			buildConfigurations = (
				2312D6182E6090E3007F756D /* Debug */,
				2312D6192E6090E3007F756D /* Release */,
			);
			defaultConfigurationIsVisible = 0;
			defaultConfigurationName = Release;
		};
		239B24912EE59BED009F83F1 /* Build configuration list for PBXNativeTarget "PlayerWidgetExtension" */ = {
			isa = XCConfigurationList;
			buildConfigurations = (
				239B24922EE59BED009F83F1 /* Debug */,
				239B24932EE59BED009F83F1 /* Release */,
			);
			defaultConfigurationIsVisible = 0;
			defaultConfigurationName = Release;
		};
		23AF81402E71E15D0005527C /* Build configuration list for PBXNativeTarget "Share" */ = {
			isa = XCConfigurationList;
			buildConfigurations = (
				23AF81412E71E15D0005527C /* Debug */,
				23AF81422E71E15D0005527C /* Release */,
			);
			defaultConfigurationIsVisible = 0;
			defaultConfigurationName = Release;
		};
		23C312E52E78015500342F7C /* Build configuration list for PBXNativeTarget "SiriIntentsExtension" */ = {
			isa = XCConfigurationList;
			buildConfigurations = (
				23C312E62E78015500342F7C /* Debug */,
				23C312E72E78015500342F7C /* Release */,
			);
			defaultConfigurationIsVisible = 0;
			defaultConfigurationName = Release;
		};
		CC00009ACC00009A0000009A /* Build configuration list for PBXNativeTarget "Cosmos Music Player Tests" */ = {
			isa = XCConfigurationList;
			buildConfigurations = (
				CC00007ACC00007A0000007A /* Debug */,
				CC00008ACC00008A0000008A /* Release */,
			);
			defaultConfigurationIsVisible = 0;
			defaultConfigurationName = Release;
		};
/* End XCConfigurationList section */

/* Begin XCRemoteSwiftPackageReference section */
		230D66352E894889007C642A /* XCRemoteSwiftPackageReference "SFBAudioEngine" */ = {
			isa = XCRemoteSwiftPackageReference;
			repositoryURL = "https://github.com/sbooth/SFBAudioEngine";
			requirement = {
				kind = exactVersion;
				version = 0.7.2;
			};
		};
		2312D6182E6090E4007F756D /* XCRemoteSwiftPackageReference "GRDB" */ = {
			isa = XCRemoteSwiftPackageReference;
			repositoryURL = "https://github.com/groue/GRDB.swift";
			requirement = {
				kind = upToNextMajorVersion;
				minimumVersion = 6.29.2;
			};
		};
/* End XCRemoteSwiftPackageReference section */

/* Begin XCSwiftPackageProductDependency section */
		230D66362E894889007C642A /* SFBAudioEngine */ = {
			isa = XCSwiftPackageProductDependency;
			package = 230D66352E894889007C642A /* XCRemoteSwiftPackageReference "SFBAudioEngine" */;
			productName = SFBAudioEngine;
		};
		2312D6192E6090E4007F756D /* GRDB */ = {
			isa = XCSwiftPackageProductDependency;
			package = 2312D6182E6090E4007F756D /* XCRemoteSwiftPackageReference "GRDB" */;
			productName = GRDB;
		};
		23C312EB2E7806AB00342F7C /* GRDB */ = {
			isa = XCSwiftPackageProductDependency;
			package = 2312D6182E6090E4007F756D /* XCRemoteSwiftPackageReference "GRDB" */;
			productName = GRDB;
		};
/* End XCSwiftPackageProductDependency section */
	};
	rootObject = 2312D6042E6090E2007F756D /* Project object */;
}
